<?xml version="1.0" encoding="utf-8"?>
<Project ToolsVersion="4.0" xmlns="http://schemas.microsoft.com/developer/msbuild/2003">
  <ItemGroup>
    <Filter Include="Source Files">
      <UniqueIdentifier>{4FC737F1-C7A5-4376-A066-2A32D752A2FF}</UniqueIdentifier>
      <Extensions>cpp;c;cc;cxx;def;odl;idl;hpj;bat;asm;asmx</Extensions>
    </Filter>
    <Filter Include="Header Files">
      <UniqueIdentifier>{93995380-89BD-4b04-88EB-625FBE52EBFB}</UniqueIdentifier>
      <Extensions>h;hpp;hxx;hm;inl;inc;xsd</Extensions>
    </Filter>
    <Filter Include="Resource Files">
      <UniqueIdentifier>{67DA6AB6-F800-4c08-8B7A-83BB121AAD01}</UniqueIdentifier>
      <Extensions>rc;ico;cur;bmp;dlg;rc2;rct;bin;rgs;gif;jpg;jpeg;jpe;resx;tiff;tif;png;wav;mfcribbon-ms</Extensions>
    </Filter>
  </ItemGroup>
  <ItemGroup>
    <None Include="ReadMe.txt" />
  </ItemGroup>
  <ItemGroup>
    <ClInclude Include="include\editors\AreaMetadataEntry.h">
      <Filter>Header Files</Filter>
    </ClInclude>
    <ClInclude Include="include\editors\BaseEditor.h">
      <Filter>Header Files</Filter>
    </ClInclude>
    <ClInclude Include="include\editors\ColorPickerGraphicSceneLayer.h">
      <Filter>Header Files</Filter>
    </ClInclude>
    <ClInclude Include="include\editors\ColorPreviewGraphicSceneLayer.h">
      <Filter>Header Files</Filter>
    </ClInclude>
    <ClInclude Include="include\editors\EditorMetadata.h">
      <Filter>Header Files</Filter>
    </ClInclude>
    <ClInclude Include="include\editors\EnhancementsEditor.h">
      <Filter>Header Files</Filter>
    </ClInclude>
    <ClInclude Include="include\editors\GraphicCategory.h">
      <Filter>Header Files</Filter>
    </ClInclude>
    <ClInclude Include="include\editors\GraphicCompressionType.h">
      <Filter>Header Files</Filter>
    </ClInclude>
    <ClInclude Include="include\editors\GraphicInfo.h">
      <Filter>Header Files</Filter>
    </ClInclude>
    <ClInclude Include="include\editors\GraphicMappingEditorLayer.h">
      <Filter>Header Files</Filter>
    </ClInclude>
    <ClInclude Include="include\editors\GraphicPaletteDefaultMap.h">
      <Filter>Header Files</Filter>
    </ClInclude>
    <ClInclude Include="include\editors\GraphicsEditor.h">
      <Filter>Header Files</Filter>
    </ClInclude>
    <ClInclude Include="include\editors\GraphicsEditorScene.h">
      <Filter>Header Files</Filter>
    </ClInclude>
    <ClInclude Include="include\editors\GraphicsEditorTool.h">
      <Filter>Header Files</Filter>
    </ClInclude>
    <ClInclude Include="include\editors\GraphicsEditorToolManager.h">
      <Filter>Header Files</Filter>
    </ClInclude>
    <ClInclude Include="include\editors\GraphicTileEditorLayer.h">
      <Filter>Header Files</Filter>
    </ClInclude>
    <ClInclude Include="include\editors\GraphicToInfo.h">
      <Filter>Header Files</Filter>
    </ClInclude>
    <ClInclude Include="include\editors\GraphicToMappingEntry.h">
      <Filter>Header Files</Filter>
    </ClInclude>
    <ClInclude Include="include\editors\GraphicToMappings.h">
      <Filter>Header Files</Filter>
    </ClInclude>
    <ClInclude Include="include\editors\GridGraphicSceneLayer.h">
      <Filter>Header Files</Filter>
    </ClInclude>
    <ClInclude Include="include\editors\HackSettings.h">
      <Filter>Header Files</Filter>
    </ClInclude>
    <ClInclude Include="include\editors\IndexedPickerScene.h">
      <Filter>Header Files</Filter>
    </ClInclude>
    <ClInclude Include="include\editors\LengthMapDrawer.h">
      <Filter>Header Files</Filter>
    </ClInclude>
    <ClInclude Include="include\editors\LengthMapEditor.h">
      <Filter>Header Files</Filter>
    </ClInclude>
    <ClInclude Include="include\editors\LengthMapLayeredGraphicScene.h">
      <Filter>Header Files</Filter>
    </ClInclude>
    <ClInclude Include="include\editors\LevelBoundsGraphicSceneLayer.h">
      <Filter>Header Files</Filter>
    </ClInclude>
    <ClInclude Include="include\editors\LevelEditor.h">
      <Filter>Header Files</Filter>
    </ClInclude>
    <ClInclude Include="include\editors\LevelEditorLayeredGraphicScene.h">
      <Filter>Header Files</Filter>
    </ClInclude>
    <ClInclude Include="include\editors\LevelEditorTool.h">
      <Filter>Header Files</Filter>
    </ClInclude>
    <ClInclude Include="include\editors\LevelEditorToolManager.h">
      <Filter>Header Files</Filter>
    </ClInclude>
    <ClInclude Include="include\editors\LevelEffectGraphicSceneLayer.h">
      <Filter>Header Files</Filter>
    </ClInclude>
    <ClInclude Include="include\editors\LevelGraphicSceneLayer.h">
      <Filter>Header Files</Filter>
    </ClInclude>
    <ClInclude Include="include\editors\LevelMetadataEntry.h">
      <Filter>Header Files</Filter>
    </ClInclude>
    <ClInclude Include="include\editors\LevelObjectGraphicSceneLayer.h">
      <Filter>Header Files</Filter>
    </ClInclude>
    <ClInclude Include="include\editors\LevelSolidityGraphicSceneLayer.h">
      <Filter>Header Files</Filter>
    </ClInclude>
    <ClInclude Include="include\editors\LevelSpawnGraphicSceneLayer.h">
      <Filter>Header Files</Filter>
    </ClInclude>
    <ClInclude Include="include\editors\LevelVisualGraphicSceneLayer.h">
      <Filter>Header Files</Filter>
    </ClInclude>
    <ClInclude Include="include\editors\LevelVRAMEditor.h">
      <Filter>Header Files</Filter>
    </ClInclude>
    <ClInclude Include="include\editors\MappingAssembler.h">
      <Filter>Header Files</Filter>
    </ClInclude>
    <ClInclude Include="include\editors\MetatileBehaviorEditor.h">
      <Filter>Header Files</Filter>
    </ClInclude>
    <ClInclude Include="include\editors\MetatileBehaviorPickerScene.h">
      <Filter>Header Files</Filter>
    </ClInclude>
    <ClInclude Include="include\editors\MetatileGraphicCollection.h">
      <Filter>Header Files</Filter>
    </ClInclude>
    <ClInclude Include="include\editors\MetatilePickerLayeredGraphicScene.h">
      <Filter>Header Files</Filter>
    </ClInclude>
    <ClInclude Include="include\editors\MetatilePickerSceneBase.h">
      <Filter>Header Files</Filter>
    </ClInclude>
    <ClInclude Include="include\editors\MetatileStructureDefault.h">
      <Filter>Header Files</Filter>
    </ClInclude>
    <ClInclude Include="include\editors\MetatileStructureDefaultMap.h">
      <Filter>Header Files</Filter>
    </ClInclude>
    <ClInclude Include="include\editors\MetatileStructureEditor.h">
      <Filter>Header Files</Filter>
    </ClInclude>
    <ClInclude Include="include\editors\MetatileSubtilePickerScene.h">
      <Filter>Header Files</Filter>
    </ClInclude>
    <ClInclude Include="include\editors\MusicEditor.h">
      <Filter>Header Files</Filter>
    </ClInclude>
    <ClInclude Include="include\editors\ObjectDisplayCache.h">
      <Filter>Header Files</Filter>
    </ClInclude>
    <ClInclude Include="include\editors\ObjectDisplayCacheCollection.h">
      <Filter>Header Files</Filter>
    </ClInclude>
    <ClInclude Include="include\editors\ObjectGraphicInfo.h">
      <Filter>Header Files</Filter>
    </ClInclude>
    <ClInclude Include="include\editors\ObjectToGraphics.h">
      <Filter>Header Files</Filter>
    </ClInclude>
    <ClInclude Include="include\editors\PaletteCycleEditor.h">
      <Filter>Header Files</Filter>
    </ClInclude>
    <ClInclude Include="include\editors\PaletteEditor.h">
      <Filter>Header Files</Filter>
    </ClInclude>
    <ClInclude Include="include\editors\PowerUpEditor.h">
      <Filter>Header Files</Filter>
    </ClInclude>
    <ClInclude Include="include\editors\TailsAdvEditor.h">
      <Filter>Header Files</Filter>
    </ClInclude>
    <ClInclude Include="include\editors\TilePickerScene.h">
      <Filter>Header Files</Filter>
    </ClInclude>
    <ClInclude Include="include\editors\TileRenderer.h">
      <Filter>Header Files</Filter>
    </ClInclude>
    <ClInclude Include="include\editors\VisualMetatilePickerScene.h">
      <Filter>Header Files</Filter>
    </ClInclude>
    <ClInclude Include="include\editors\VRAMCache.h">
      <Filter>Header Files</Filter>
    </ClInclude>
    <ClInclude Include="include\editors\VRAMEditorLayeredGraphicScene.h">
      <Filter>Header Files</Filter>
    </ClInclude>
    <ClInclude Include="include\exception\ColorOutOfRangeException.h">
      <Filter>Header Files</Filter>
    </ClInclude>
    <ClInclude Include="include\exception\FileException.h">
      <Filter>Header Files</Filter>
    </ClInclude>
    <ClInclude Include="include\exception\FileNotFoundException.h">
      <Filter>Header Files</Filter>
    </ClInclude>
    <ClInclude Include="include\exception\InvalidFileException.h">
      <Filter>Header Files</Filter>
    </ClInclude>
    <ClInclude Include="include\exception\InvalidLoadDataException.h">
      <Filter>Header Files</Filter>
    </ClInclude>
    <ClInclude Include="include\exception\NotEnoughSpaceException.h">
      <Filter>Header Files</Filter>
    </ClInclude>
    <ClInclude Include="include\exception\OutOfRangeIndexException.h">
      <Filter>Header Files</Filter>
    </ClInclude>
    <ClInclude Include="include\exception\PoppedEmptyStackException.h">
      <Filter>Header Files</Filter>
    </ClInclude>
    <ClInclude Include="include\exception\TalesException.h">
      <Filter>Header Files</Filter>
    </ClInclude>
    <ClInclude Include="include\exception\TmapKeyNotFoundException.h">
      <Filter>Header Files</Filter>
    </ClInclude>
    <ClInclude Include="include\exception\UnrecognizedVersionException.h">
      <Filter>Header Files</Filter>
    </ClInclude>
    <ClInclude Include="include\gamedata\AreaMapReference.h">
      <Filter>Header Files</Filter>
    </ClInclude>
    <ClInclude Include="include\gamedata\BaseEditableFixedGraphicTable.h">
      <Filter>Header Files</Filter>
    </ClInclude>
    <ClInclude Include="include\gamedata\BaseEditableMappedData.h">
      <Filter>Header Files</Filter>
    </ClInclude>
    <ClInclude Include="include\gamedata\CharacterUncompressedGraphicHeader.h">
      <Filter>Header Files</Filter>
    </ClInclude>
    <ClInclude Include="include\gamedata\EditableEmeraldHealthRefills.h">
      <Filter>Header Files</Filter>
    </ClInclude>
    <ClInclude Include="include\gamedata\EditableLeafGraphicsTable.h">
      <Filter>Header Files</Filter>
    </ClInclude>
    <ClInclude Include="include\gamedata\EditableLevelEffectsHeaders.h">
      <Filter>Header Files</Filter>
    </ClInclude>
    <ClInclude Include="include\gamedata\EditableLevelGraphicsData.h">
      <Filter>Header Files</Filter>
    </ClInclude>
    <ClInclude Include="include\gamedata\EditableLevelObjectEntryGroups.h">
      <Filter>Header Files</Filter>
    </ClInclude>
    <ClInclude Include="include\gamedata\EditableLevelPaletteHeaders.h">
      <Filter>Header Files</Filter>
    </ClInclude>
    <ClInclude Include="include\gamedata\EditableMapData.h">
      <Filter>Header Files</Filter>
    </ClInclude>
    <ClInclude Include="include\gamedata\EditableMetatileBehaviors.h">
      <Filter>Header Files</Filter>
    </ClInclude>
    <ClInclude Include="include\gamedata\EditableMetatileHeightMaps.h">
      <Filter>Header Files</Filter>
    </ClInclude>
    <ClInclude Include="include\gamedata\EditableMetatileLengthMaps.h">
      <Filter>Header Files</Filter>
    </ClInclude>
    <ClInclude Include="include\gamedata\EditableMetatileWidthMaps.h">
      <Filter>Header Files</Filter>
    </ClInclude>
    <ClInclude Include="include\gamedata\EditableMusicAssignments.h">
      <Filter>Header Files</Filter>
    </ClInclude>
    <ClInclude Include="include\gamedata\EditablePaletteCycles.h">
      <Filter>Header Files</Filter>
    </ClInclude>
    <ClInclude Include="include\gamedata\EditablePowerUpData.h">
      <Filter>Header Files</Filter>
    </ClInclude>
    <ClInclude Include="include\gamedata\EditableRadioMusic.h">
      <Filter>Header Files</Filter>
    </ClInclude>
    <ClInclude Include="include\gamedata\EditableSlopeSpeedValues.h">
      <Filter>Header Files</Filter>
    </ClInclude>
    <ClInclude Include="include\gamedata\EditableSmokePuffGraphicTable.h">
      <Filter>Header Files</Filter>
    </ClInclude>
    <ClInclude Include="include\gamedata\EditableSpawnPoints.h">
      <Filter>Header Files</Filter>
    </ClInclude>
    <ClInclude Include="include\gamedata\EditableSpriteMappings.h">
      <Filter>Header Files</Filter>
    </ClInclude>
    <ClInclude Include="include\gamedata\EditableStandardPalettes.h">
      <Filter>Header Files</Filter>
    </ClInclude>
    <ClInclude Include="include\gamedata\EditableWarpDestinations.h">
      <Filter>Header Files</Filter>
    </ClInclude>
    <ClInclude Include="include\gamedata\EditableWaterSplashGraphicTable.h">
      <Filter>Header Files</Filter>
    </ClInclude>
    <ClInclude Include="include\gamedata\FixedGraphicTableEntry.h">
      <Filter>Header Files</Filter>
    </ClInclude>
    <ClInclude Include="include\gamedata\LengthMapValue.h">
      <Filter>Header Files</Filter>
    </ClInclude>
    <ClInclude Include="include\gamedata\LevelEffectsHeader.h">
      <Filter>Header Files</Filter>
    </ClInclude>
    <ClInclude Include="include\gamedata\LevelGraphicsHeader.h">
      <Filter>Header Files</Filter>
    </ClInclude>
    <ClInclude Include="include\gamedata\LevelHeader.h">
      <Filter>Header Files</Filter>
    </ClInclude>
    <ClInclude Include="include\gamedata\LevelHeaders.h">
      <Filter>Header Files</Filter>
    </ClInclude>
    <ClInclude Include="include\gamedata\LevelObjectEntry.h">
      <Filter>Header Files</Filter>
    </ClInclude>
    <ClInclude Include="include\gamedata\LevelObjectEntryGroup.h">
      <Filter>Header Files</Filter>
    </ClInclude>
    <ClInclude Include="include\gamedata\LevelPaletteHeader.h">
      <Filter>Header Files</Filter>
    </ClInclude>
    <ClInclude Include="include\gamedata\MapLayout.h">
      <Filter>Header Files</Filter>
    </ClInclude>
    <ClInclude Include="include\gamedata\MapLayouts.h">
      <Filter>Header Files</Filter>
    </ClInclude>
    <ClInclude Include="include\gamedata\MappingToGraphic.h">
      <Filter>Header Files</Filter>
    </ClInclude>
    <ClInclude Include="include\gamedata\MappingToGraphicEntry.h">
      <Filter>Header Files</Filter>
    </ClInclude>
    <ClInclude Include="include\gamedata\MetatileBehavior.h">
      <Filter>Header Files</Filter>
    </ClInclude>
    <ClInclude Include="include\gamedata\MetatileHeightMap.h">
      <Filter>Header Files</Filter>
    </ClInclude>
    <ClInclude Include="include\gamedata\MetatileLengthMap.h">
      <Filter>Header Files</Filter>
    </ClInclude>
    <ClInclude Include="include\gamedata\MetatileSolidity.h">
      <Filter>Header Files</Filter>
    </ClInclude>
    <ClInclude Include="include\gamedata\MetatileStructure.h">
      <Filter>Header Files</Filter>
    </ClInclude>
    <ClInclude Include="include\gamedata\MetatileStructures.h">
      <Filter>Header Files</Filter>
    </ClInclude>
    <ClInclude Include="include\gamedata\MetatileStructureSet.h">
      <Filter>Header Files</Filter>
    </ClInclude>
    <ClInclude Include="include\gamedata\MetatileStructureTableCollection.h">
      <Filter>Header Files</Filter>
    </ClInclude>
    <ClInclude Include="include\gamedata\MetatileType.h">
      <Filter>Header Files</Filter>
    </ClInclude>
    <ClInclude Include="include\gamedata\MetatileWidthMap.h">
      <Filter>Header Files</Filter>
    </ClInclude>
    <ClInclude Include="include\gamedata\ObjectGraphicMapping.h">
      <Filter>Header Files</Filter>
    </ClInclude>
    <ClInclude Include="include\gamedata\ObjectGraphicsHeader.h">
      <Filter>Header Files</Filter>
    </ClInclude>
    <ClInclude Include="include\gamedata\ObjectGraphicSubheader.h">
      <Filter>Header Files</Filter>
    </ClInclude>
    <ClInclude Include="include\gamedata\ObjectStateInfo.h">
      <Filter>Header Files</Filter>
    </ClInclude>
    <ClInclude Include="include\gamedata\ObjectStates.h">
      <Filter>Header Files</Filter>
    </ClInclude>
    <ClInclude Include="include\gamedata\ObjectTypeID.h">
      <Filter>Header Files</Filter>
    </ClInclude>
    <ClInclude Include="include\gamedata\PaletteCycle.h">
      <Filter>Header Files</Filter>
    </ClInclude>
    <ClInclude Include="include\gamedata\PaletteCycleState.h">
      <Filter>Header Files</Filter>
    </ClInclude>
    <ClInclude Include="include\gamedata\PrimaryMaps.h">
      <Filter>Header Files</Filter>
    </ClInclude>
    <ClInclude Include="include\gamedata\RawLevelGraphicsHeader.h">
      <Filter>Header Files</Filter>
    </ClInclude>
    <ClInclude Include="include\gamedata\RawLevelHeader.h">
      <Filter>Header Files</Filter>
    </ClInclude>
    <ClInclude Include="include\gamedata\RawLevelHeaders.h">
      <Filter>Header Files</Filter>
    </ClInclude>
    <ClInclude Include="include\gamedata\RawObjectGraphicsHeader.h">
      <Filter>Header Files</Filter>
    </ClInclude>
    <ClInclude Include="include\gamedata\RawObjectGraphicSubheader.h">
      <Filter>Header Files</Filter>
    </ClInclude>
    <ClInclude Include="include\gamedata\RawSpriteMapping.h">
      <Filter>Header Files</Filter>
    </ClInclude>
    <ClInclude Include="include\gamedata\SoundID.h">
      <Filter>Header Files</Filter>
    </ClInclude>
    <ClInclude Include="include\gamedata\SpawnPoint.h">
      <Filter>Header Files</Filter>
    </ClInclude>
    <ClInclude Include="include\gamedata\SpecialEffect.h">
      <Filter>Header Files</Filter>
    </ClInclude>
    <ClInclude Include="include\gamedata\SpriteMapping.h">
      <Filter>Header Files</Filter>
    </ClInclude>
    <ClInclude Include="include\gamedata\SpriteMappingCoordinateTable.h">
      <Filter>Header Files</Filter>
    </ClInclude>
    <ClInclude Include="include\gamedata\SpriteMappingCoordinateTableEntry.h">
      <Filter>Header Files</Filter>
    </ClInclude>
    <ClInclude Include="include\gamedata\SpriteMappingTileIndexTable.h">
      <Filter>Header Files</Filter>
    </ClInclude>
    <ClInclude Include="include\gamedata\StandardUncompressedGraphicHeader.h">
      <Filter>Header Files</Filter>
    </ClInclude>
    <ClInclude Include="include\gamedata\SubMaps.h">
      <Filter>Header Files</Filter>
    </ClInclude>
    <ClInclude Include="include\gamedata\TailsAdvAddresses.h">
      <Filter>Header Files</Filter>
    </ClInclude>
    <ClInclude Include="include\gamedata\TailsAdvBank0Hacks.h">
      <Filter>Header Files</Filter>
    </ClInclude>
    <ClInclude Include="include\gamedata\TailsAdvData.h">
      <Filter>Header Files</Filter>
    </ClInclude>
    <ClInclude Include="include\gamedata\TailsAdvEditable.h">
      <Filter>Header Files</Filter>
    </ClInclude>
    <ClInclude Include="include\gamedata\TailsAdvFreeSpace.h">
      <Filter>Header Files</Filter>
    </ClInclude>
    <ClInclude Include="include\gamedata\TailsAdvGraphicCompressor.h">
      <Filter>Header Files</Filter>
    </ClInclude>
    <ClInclude Include="include\gamedata\TailsAdvRLECompressor.h">
      <Filter>Header Files</Filter>
    </ClInclude>
    <ClInclude Include="include\gamedata\TailsAdvROMLoader.h">
      <Filter>Header Files</Filter>
    </ClInclude>
    <ClInclude Include="include\gamedata\TwoKeyEditableMappedData.h">
      <Filter>Header Files</Filter>
    </ClInclude>
    <ClInclude Include="include\gamedata\TwoKeyIndexedEditableMappedData.h">
      <Filter>Header Files</Filter>
    </ClInclude>
    <ClInclude Include="include\gamedata\WarpDestination.h">
      <Filter>Header Files</Filter>
    </ClInclude>
    <ClInclude Include="include\gamedata\YTableAddresses.h">
      <Filter>Header Files</Filter>
    </ClInclude>
    <ClInclude Include="include\gamegear\GGColor.h">
      <Filter>Header Files</Filter>
    </ClInclude>
    <ClInclude Include="include\gamegear\GGFullTileSet.h">
      <Filter>Header Files</Filter>
    </ClInclude>
    <ClInclude Include="include\gamegear\GGPalette.h">
      <Filter>Header Files</Filter>
    </ClInclude>
    <ClInclude Include="include\gamegear\GGTile.h">
      <Filter>Header Files</Filter>
    </ClInclude>
    <ClInclude Include="include\gamegear\GGTileSet.h">
      <Filter>Header Files</Filter>
    </ClInclude>
    <ClInclude Include="include\gamegear\LoadedROM.h">
      <Filter>Header Files</Filter>
    </ClInclude>
    <ClInclude Include="include\gamegear\TileReference.h">
      <Filter>Header Files</Filter>
    </ClInclude>
    <ClInclude Include="include\gamegear\VirtualVDP.h">
      <Filter>Header Files</Filter>
    </ClInclude>
    <ClInclude Include="include\gamegear\WritableROM.h">
      <Filter>Header Files</Filter>
    </ClInclude>
    <ClInclude Include="include\structs\BitmapGraphicSceneObject.h">
      <Filter>Header Files</Filter>
    </ClInclude>
    <ClInclude Include="include\structs\Box.h">
      <Filter>Header Files</Filter>
    </ClInclude>
    <ClInclude Include="include\structs\BoxGraphicSceneObject.h">
      <Filter>Header Files</Filter>
    </ClInclude>
    <ClInclude Include="include\structs\Color.h">
      <Filter>Header Files</Filter>
    </ClInclude>
    <ClInclude Include="include\structs\ConstSizeVector.h">
      <Filter>Header Files</Filter>
    </ClInclude>
    <ClInclude Include="include\structs\DataChunkID.h">
      <Filter>Header Files</Filter>
    </ClInclude>
    <ClInclude Include="include\structs\FreeSpaceListing.h">
      <Filter>Header Files</Filter>
    </ClInclude>
    <ClInclude Include="include\structs\FreeSpaceListPair.h">
      <Filter>Header Files</Filter>
    </ClInclude>
    <ClInclude Include="include\structs\GenericGraphicSceneLayer.h">
      <Filter>Header Files</Filter>
    </ClInclude>
    <ClInclude Include="include\structs\GenericGraphicSceneObject.h">
      <Filter>Header Files</Filter>
    </ClInclude>
    <ClInclude Include="include\structs\Graphic.h">
      <Filter>Header Files</Filter>
    </ClInclude>
    <ClInclude Include="include\structs\GraphicDependencyGroup.h">
      <Filter>Header Files</Filter>
    </ClInclude>
    <ClInclude Include="include\structs\GraphicDependencyGroupEntry.h">
      <Filter>Header Files</Filter>
    </ClInclude>
    <ClInclude Include="include\structs\GraphicIdentifier.h">
      <Filter>Header Files</Filter>
    </ClInclude>
    <ClInclude Include="include\structs\GraphicSceneLayer.h">
      <Filter>Header Files</Filter>
    </ClInclude>
    <ClInclude Include="include\structs\IndexToAddressMap.h">
      <Filter>Header Files</Filter>
    </ClInclude>
    <ClInclude Include="include\structs\InputEventData.h">
      <Filter>Header Files</Filter>
    </ClInclude>
    <ClInclude Include="include\structs\KeyedAddressTableBuilder.h">
      <Filter>Header Files</Filter>
    </ClInclude>
    <ClInclude Include="include\structs\KeyedTableBuilder.h">
      <Filter>Header Files</Filter>
    </ClInclude>
    <ClInclude Include="include\structs\LayeredGraphicScene.h">
      <Filter>Header Files</Filter>
    </ClInclude>
    <ClInclude Include="include\structs\LevelWidth.h">
      <Filter>Header Files</Filter>
    </ClInclude>
    <ClInclude Include="include\structs\LoadHelper.h">
      <Filter>Header Files</Filter>
    </ClInclude>
    <ClInclude Include="include\structs\RawFreeSpacePair.h">
      <Filter>Header Files</Filter>
    </ClInclude>
    <ClInclude Include="include\structs\SaveHelper.h">
      <Filter>Header Files</Filter>
    </ClInclude>
    <ClInclude Include="include\structs\Taddress.h">
      <Filter>Header Files</Filter>
    </ClInclude>
    <ClInclude Include="include\structs\Tbyte.h">
      <Filter>Header Files</Filter>
    </ClInclude>
    <ClInclude Include="include\structs\Tmap.h">
      <Filter>Header Files</Filter>
    </ClInclude>
    <ClInclude Include="include\structs\Tpair.h">
      <Filter>Header Files</Filter>
    </ClInclude>
    <ClInclude Include="include\structs\TransModel.h">
      <Filter>Header Files</Filter>
    </ClInclude>
    <ClInclude Include="include\structs\TwoKeyedAddress.h">
      <Filter>Header Files</Filter>
    </ClInclude>
    <ClInclude Include="include\structs\TwoKeyedData.h">
      <Filter>Header Files</Filter>
    </ClInclude>
    <ClInclude Include="include\structs\WrapScrollGraphic.h">
      <Filter>Header Files</Filter>
    </ClInclude>
    <ClInclude Include="include\util\ArrayOps.h">
      <Filter>Header Files</Filter>
    </ClInclude>
    <ClInclude Include="include\util\ByteConversion.h">
      <Filter>Header Files</Filter>
    </ClInclude>
    <ClInclude Include="include\util\ByteSizes.h">
      <Filter>Header Files</Filter>
    </ClInclude>
    <ClInclude Include="include\util\CoordinatePair.h">
      <Filter>Header Files</Filter>
    </ClInclude>
    <ClInclude Include="include\util\DumbPointer.h">
      <Filter>Header Files</Filter>
    </ClInclude>
    <ClInclude Include="include\util\EndiannessType.h">
      <Filter>Header Files</Filter>
    </ClInclude>
    <ClInclude Include="include\util\FileManip.h">
      <Filter>Header Files</Filter>
    </ClInclude>
    <ClInclude Include="include\util\GenericException.h">
      <Filter>Header Files</Filter>
    </ClInclude>
    <ClInclude Include="include\util\IniFile.h">
      <Filter>Header Files</Filter>
    </ClInclude>
    <ClInclude Include="include\util\MiscMath.h">
      <Filter>Header Files</Filter>
    </ClInclude>
    <ClInclude Include="include\util\RLE8Command.h">
      <Filter>Header Files</Filter>
    </ClInclude>
    <ClInclude Include="include\util\RLE8CommandCollection.h">
      <Filter>Header Files</Filter>
    </ClInclude>
    <ClInclude Include="include\util\RLE8CommandType.h">
      <Filter>Header Files</Filter>
    </ClInclude>
    <ClInclude Include="include\util\RLE8Compressor.h">
      <Filter>Header Files</Filter>
    </ClInclude>
    <ClInclude Include="include\util\RLE8ValueCollection.h">
      <Filter>Header Files</Filter>
    </ClInclude>
    <ClInclude Include="include\util\SignednessType.h">
      <Filter>Header Files</Filter>
    </ClInclude>
    <ClInclude Include="include\util\StreamOps.h">
      <Filter>Header Files</Filter>
    </ClInclude>
    <ClInclude Include="include\util\StringConversion.h">
      <Filter>Header Files</Filter>
    </ClInclude>
    <ClInclude Include="include\exception\TGenericException.h">
      <Filter>Header Files</Filter>
    </ClInclude>
  </ItemGroup>
  <ItemGroup>
    <ClCompile Include="src\editors\AreaMetadataEntry.cpp">
      <Filter>Source Files</Filter>
    </ClCompile>
    <ClCompile Include="src\editors\BaseEditor.cpp">
      <Filter>Source Files</Filter>
    </ClCompile>
    <ClCompile Include="src\editors\ColorPickerGraphicSceneLayer.cpp">
      <Filter>Source Files</Filter>
    </ClCompile>
    <ClCompile Include="src\editors\ColorPreviewGraphicSceneLayer.cpp">
      <Filter>Source Files</Filter>
    </ClCompile>
    <ClCompile Include="src\editors\EditorMetadata.cpp">
      <Filter>Source Files</Filter>
    </ClCompile>
    <ClCompile Include="src\editors\EnhancementsEditor.cpp">
      <Filter>Source Files</Filter>
    </ClCompile>
    <ClCompile Include="src\editors\GraphicCategory.cpp">
      <Filter>Source Files</Filter>
    </ClCompile>
    <ClCompile Include="src\editors\GraphicCompressionType.cpp">
      <Filter>Source Files</Filter>
    </ClCompile>
    <ClCompile Include="src\editors\GraphicInfo.cpp">
      <Filter>Source Files</Filter>
    </ClCompile>
    <ClCompile Include="src\editors\GraphicMappingEditorLayer.cpp">
      <Filter>Source Files</Filter>
    </ClCompile>
    <ClCompile Include="src\editors\GraphicPaletteDefaultMap.cpp">
      <Filter>Source Files</Filter>
    </ClCompile>
    <ClCompile Include="src\editors\GraphicsEditor.cpp">
      <Filter>Source Files</Filter>
    </ClCompile>
    <ClCompile Include="src\editors\GraphicsEditorScene.cpp">
      <Filter>Source Files</Filter>
    </ClCompile>
    <ClCompile Include="src\editors\GraphicsEditorTool.cpp">
      <Filter>Source Files</Filter>
    </ClCompile>
    <ClCompile Include="src\editors\GraphicsEditorToolManager.cpp">
      <Filter>Source Files</Filter>
    </ClCompile>
    <ClCompile Include="src\editors\GraphicTileEditorLayer.cpp">
      <Filter>Source Files</Filter>
    </ClCompile>
    <ClCompile Include="src\editors\GraphicToInfo.cpp">
      <Filter>Source Files</Filter>
    </ClCompile>
    <ClCompile Include="src\editors\GraphicToMappingEntry.cpp">
      <Filter>Source Files</Filter>
    </ClCompile>
    <ClCompile Include="src\editors\GraphicToMappings.cpp">
      <Filter>Source Files</Filter>
    </ClCompile>
    <ClCompile Include="src\editors\GridGraphicSceneLayer.cpp">
      <Filter>Source Files</Filter>
    </ClCompile>
    <ClCompile Include="src\editors\HackSettings.cpp">
      <Filter>Source Files</Filter>
    </ClCompile>
    <ClCompile Include="src\editors\IndexedPickerScene.cpp">
      <Filter>Source Files</Filter>
    </ClCompile>
    <ClCompile Include="src\editors\LengthMapDrawer.cpp">
      <Filter>Source Files</Filter>
    </ClCompile>
    <ClCompile Include="src\editors\LengthMapEditor.cpp">
      <Filter>Source Files</Filter>
    </ClCompile>
    <ClCompile Include="src\editors\LengthMapLayeredGraphicScene.cpp">
      <Filter>Source Files</Filter>
    </ClCompile>
    <ClCompile Include="src\editors\LevelBoundsGraphicSceneLayer.cpp">
      <Filter>Source Files</Filter>
    </ClCompile>
    <ClCompile Include="src\editors\LevelEditor.cpp">
      <Filter>Source Files</Filter>
    </ClCompile>
    <ClCompile Include="src\editors\LevelEditorLayeredGraphicScene.cpp">
      <Filter>Source Files</Filter>
    </ClCompile>
    <ClCompile Include="src\editors\LevelEditorTool.cpp">
      <Filter>Source Files</Filter>
    </ClCompile>
    <ClCompile Include="src\editors\LevelEditorToolManager.cpp">
      <Filter>Source Files</Filter>
    </ClCompile>
    <ClCompile Include="src\editors\LevelEffectGraphicSceneLayer.cpp">
      <Filter>Source Files</Filter>
    </ClCompile>
    <ClCompile Include="src\editors\LevelGraphicSceneLayer.cpp">
      <Filter>Source Files</Filter>
    </ClCompile>
    <ClCompile Include="src\editors\LevelMetadataEntry.cpp">
      <Filter>Source Files</Filter>
    </ClCompile>
    <ClCompile Include="src\editors\LevelObjectGraphicSceneLayer.cpp">
      <Filter>Source Files</Filter>
    </ClCompile>
    <ClCompile Include="src\editors\LevelSolidityGraphicSceneLayer.cpp">
      <Filter>Source Files</Filter>
    </ClCompile>
    <ClCompile Include="src\editors\LevelSpawnGraphicSceneLayer.cpp">
      <Filter>Source Files</Filter>
    </ClCompile>
    <ClCompile Include="src\editors\LevelVisualGraphicSceneLayer.cpp">
      <Filter>Source Files</Filter>
    </ClCompile>
    <ClCompile Include="src\editors\LevelVRAMEditor.cpp">
      <Filter>Source Files</Filter>
    </ClCompile>
    <ClCompile Include="src\editors\MappingAssembler.cpp">
      <Filter>Source Files</Filter>
    </ClCompile>
    <ClCompile Include="src\editors\MetatileBehaviorEditor.cpp">
      <Filter>Source Files</Filter>
    </ClCompile>
    <ClCompile Include="src\editors\MetatileBehaviorPickerScene.cpp">
      <Filter>Source Files</Filter>
    </ClCompile>
    <ClCompile Include="src\editors\MetatileGraphicCollection.cpp">
      <Filter>Source Files</Filter>
    </ClCompile>
    <ClCompile Include="src\editors\MetatilePickerLayeredGraphicScene.cpp">
      <Filter>Source Files</Filter>
    </ClCompile>
    <ClCompile Include="src\editors\MetatilePickerSceneBase.cpp">
      <Filter>Source Files</Filter>
    </ClCompile>
    <ClCompile Include="src\editors\MetatileStructureDefault.cpp">
      <Filter>Source Files</Filter>
    </ClCompile>
    <ClCompile Include="src\editors\MetatileStructureDefaultMap.cpp">
      <Filter>Source Files</Filter>
    </ClCompile>
    <ClCompile Include="src\editors\MetatileStructureEditor.cpp">
      <Filter>Source Files</Filter>
    </ClCompile>
    <ClCompile Include="src\editors\MetatileSubtilePickerScene.cpp">
      <Filter>Source Files</Filter>
    </ClCompile>
    <ClCompile Include="src\editors\MusicEditor.cpp">
      <Filter>Source Files</Filter>
    </ClCompile>
    <ClCompile Include="src\editors\ObjectDisplayCache.cpp">
      <Filter>Source Files</Filter>
    </ClCompile>
    <ClCompile Include="src\editors\ObjectDisplayCacheCollection.cpp">
      <Filter>Source Files</Filter>
    </ClCompile>
    <ClCompile Include="src\editors\ObjectGraphicInfo.cpp">
      <Filter>Source Files</Filter>
    </ClCompile>
    <ClCompile Include="src\editors\ObjectToGraphics.cpp">
      <Filter>Source Files</Filter>
    </ClCompile>
    <ClCompile Include="src\editors\PaletteCycleEditor.cpp">
      <Filter>Source Files</Filter>
    </ClCompile>
    <ClCompile Include="src\editors\PaletteEditor.cpp">
      <Filter>Source Files</Filter>
    </ClCompile>
    <ClCompile Include="src\editors\PowerUpEditor.cpp">
      <Filter>Source Files</Filter>
    </ClCompile>
    <ClCompile Include="src\editors\TailsAdvEditor.cpp">
      <Filter>Source Files</Filter>
    </ClCompile>
    <ClCompile Include="src\editors\TilePickerScene.cpp">
      <Filter>Source Files</Filter>
    </ClCompile>
    <ClCompile Include="src\editors\TileRenderer.cpp">
      <Filter>Source Files</Filter>
    </ClCompile>
    <ClCompile Include="src\editors\VisualMetatilePickerScene.cpp">
      <Filter>Source Files</Filter>
    </ClCompile>
    <ClCompile Include="src\editors\VRAMCache.cpp">
      <Filter>Source Files</Filter>
    </ClCompile>
    <ClCompile Include="src\editors\VRAMEditorLayeredGraphicScene.cpp">
      <Filter>Source Files</Filter>
    </ClCompile>
    <ClCompile Include="src\exception\ColorOutOfRangeException.cpp">
      <Filter>Source Files</Filter>
    </ClCompile>
    <ClCompile Include="src\exception\FileException.cpp">
      <Filter>Source Files</Filter>
    </ClCompile>
    <ClCompile Include="src\exception\FileNotFoundException.cpp">
      <Filter>Source Files</Filter>
    </ClCompile>
    <ClCompile Include="src\exception\InvalidFileException.cpp">
      <Filter>Source Files</Filter>
    </ClCompile>
    <ClCompile Include="src\exception\InvalidLoadDataException.cpp">
      <Filter>Source Files</Filter>
    </ClCompile>
    <ClCompile Include="src\exception\NotEnoughSpaceException.cpp">
      <Filter>Source Files</Filter>
    </ClCompile>
    <ClCompile Include="src\exception\OutOfRangeIndexException.cpp">
      <Filter>Source Files</Filter>
    </ClCompile>
    <ClCompile Include="src\exception\PoppedEmptyStackException.cpp">
      <Filter>Source Files</Filter>
    </ClCompile>
    <ClCompile Include="src\exception\TalesException.cpp">
      <Filter>Source Files</Filter>
    </ClCompile>
    <ClCompile Include="src\exception\TmapKeyNotFoundException.cpp">
      <Filter>Source Files</Filter>
    </ClCompile>
    <ClCompile Include="src\exception\UnrecognizedVersionException.cpp">
      <Filter>Source Files</Filter>
    </ClCompile>
    <ClCompile Include="src\gamedata\AreaMapReference.cpp">
      <Filter>Source Files</Filter>
    </ClCompile>
    <ClCompile Include="src\gamedata\BaseEditableFixedGraphicTable.cpp">
      <Filter>Source Files</Filter>
    </ClCompile>
    <ClCompile Include="src\gamedata\BaseEditableMappedData.cpp">
      <Filter>Source Files</Filter>
    </ClCompile>
    <ClCompile Include="src\gamedata\CharacterUncompressedGraphicHeader.cpp">
      <Filter>Source Files</Filter>
    </ClCompile>
    <ClCompile Include="src\gamedata\EditableEmeraldHealthRefills.cpp">
      <Filter>Source Files</Filter>
    </ClCompile>
    <ClCompile Include="src\gamedata\EditableLeafGraphicsTable.cpp">
      <Filter>Source Files</Filter>
    </ClCompile>
    <ClCompile Include="src\gamedata\EditableLevelEffectsHeaders.cpp">
      <Filter>Source Files</Filter>
    </ClCompile>
    <ClCompile Include="src\gamedata\EditableLevelGraphicsData.cpp">
      <Filter>Source Files</Filter>
    </ClCompile>
    <ClCompile Include="src\gamedata\EditableLevelObjectEntryGroups.cpp">
      <Filter>Source Files</Filter>
    </ClCompile>
    <ClCompile Include="src\gamedata\EditableLevelPaletteHeaders.cpp">
      <Filter>Source Files</Filter>
    </ClCompile>
    <ClCompile Include="src\gamedata\EditableMapData.cpp">
      <Filter>Source Files</Filter>
    </ClCompile>
    <ClCompile Include="src\gamedata\EditableMetatileBehaviors.cpp">
      <Filter>Source Files</Filter>
    </ClCompile>
    <ClCompile Include="src\gamedata\EditableMetatileHeightMaps.cpp">
      <Filter>Source Files</Filter>
    </ClCompile>
    <ClCompile Include="src\gamedata\EditableMetatileLengthMaps.cpp">
      <Filter>Source Files</Filter>
    </ClCompile>
    <ClCompile Include="src\gamedata\EditableMetatileWidthMaps.cpp">
      <Filter>Source Files</Filter>
    </ClCompile>
    <ClCompile Include="src\gamedata\EditableMusicAssignments.cpp">
      <Filter>Source Files</Filter>
    </ClCompile>
    <ClCompile Include="src\gamedata\EditablePaletteCycles.cpp">
      <Filter>Source Files</Filter>
    </ClCompile>
    <ClCompile Include="src\gamedata\EditablePowerUpData.cpp">
      <Filter>Source Files</Filter>
    </ClCompile>
    <ClCompile Include="src\gamedata\EditableRadioMusic.cpp">
      <Filter>Source Files</Filter>
    </ClCompile>
    <ClCompile Include="src\gamedata\EditableSlopeSpeedValues.cpp">
      <Filter>Source Files</Filter>
    </ClCompile>
    <ClCompile Include="src\gamedata\EditableSmokePuffGraphicTable.cpp">
      <Filter>Source Files</Filter>
    </ClCompile>
    <ClCompile Include="src\gamedata\EditableSpawnPoints.cpp">
      <Filter>Source Files</Filter>
    </ClCompile>
    <ClCompile Include="src\gamedata\EditableSpriteMappings.cpp">
      <Filter>Source Files</Filter>
    </ClCompile>
    <ClCompile Include="src\gamedata\EditableStandardPalettes.cpp">
      <Filter>Source Files</Filter>
    </ClCompile>
    <ClCompile Include="src\gamedata\EditableWarpDestinations.cpp">
      <Filter>Source Files</Filter>
    </ClCompile>
    <ClCompile Include="src\gamedata\EditableWaterSplashGraphicTable.cpp">
      <Filter>Source Files</Filter>
    </ClCompile>
    <ClCompile Include="src\gamedata\FixedGraphicTableEntry.cpp">
      <Filter>Source Files</Filter>
    </ClCompile>
    <ClCompile Include="src\gamedata\LengthMapValue.cpp">
      <Filter>Source Files</Filter>
    </ClCompile>
    <ClCompile Include="src\gamedata\LevelEffectsHeader.cpp">
      <Filter>Source Files</Filter>
    </ClCompile>
    <ClCompile Include="src\gamedata\LevelGraphicsHeader.cpp">
      <Filter>Source Files</Filter>
    </ClCompile>
    <ClCompile Include="src\gamedata\LevelHeader.cpp">
      <Filter>Source Files</Filter>
    </ClCompile>
    <ClCompile Include="src\gamedata\LevelHeaders.cpp">
      <Filter>Source Files</Filter>
    </ClCompile>
    <ClCompile Include="src\gamedata\LevelObjectEntry.cpp">
      <Filter>Source Files</Filter>
    </ClCompile>
    <ClCompile Include="src\gamedata\LevelObjectEntryGroup.cpp">
      <Filter>Source Files</Filter>
    </ClCompile>
    <ClCompile Include="src\gamedata\LevelPaletteHeader.cpp">
      <Filter>Source Files</Filter>
    </ClCompile>
    <ClCompile Include="src\gamedata\MapLayout.cpp">
      <Filter>Source Files</Filter>
    </ClCompile>
    <ClCompile Include="src\gamedata\MapLayouts.cpp">
      <Filter>Source Files</Filter>
    </ClCompile>
    <ClCompile Include="src\gamedata\MappingToGraphic.cpp">
      <Filter>Source Files</Filter>
    </ClCompile>
    <ClCompile Include="src\gamedata\MappingToGraphicEntry.cpp">
      <Filter>Source Files</Filter>
    </ClCompile>
    <ClCompile Include="src\gamedata\MetatileBehavior.cpp">
      <Filter>Source Files</Filter>
    </ClCompile>
    <ClCompile Include="src\gamedata\MetatileHeightMap.cpp">
      <Filter>Source Files</Filter>
    </ClCompile>
    <ClCompile Include="src\gamedata\MetatileLengthMap.cpp">
      <Filter>Source Files</Filter>
    </ClCompile>
    <ClCompile Include="src\gamedata\MetatileSolidity.cpp">
      <Filter>Source Files</Filter>
    </ClCompile>
    <ClCompile Include="src\gamedata\MetatileStructure.cpp">
      <Filter>Source Files</Filter>
    </ClCompile>
    <ClCompile Include="src\gamedata\MetatileStructures.cpp">
      <Filter>Source Files</Filter>
    </ClCompile>
    <ClCompile Include="src\gamedata\MetatileStructureSet.cpp">
      <Filter>Source Files</Filter>
    </ClCompile>
    <ClCompile Include="src\gamedata\MetatileStructureTableCollection.cpp">
      <Filter>Source Files</Filter>
    </ClCompile>
    <ClCompile Include="src\gamedata\MetatileType.cpp">
      <Filter>Source Files</Filter>
    </ClCompile>
    <ClCompile Include="src\gamedata\MetatileWidthMap.cpp">
      <Filter>Source Files</Filter>
    </ClCompile>
    <ClCompile Include="src\gamedata\ObjectGraphicMapping.cpp">
      <Filter>Source Files</Filter>
    </ClCompile>
    <ClCompile Include="src\gamedata\ObjectGraphicsHeader.cpp">
      <Filter>Source Files</Filter>
    </ClCompile>
    <ClCompile Include="src\gamedata\ObjectGraphicSubheader.cpp">
      <Filter>Source Files</Filter>
    </ClCompile>
    <ClCompile Include="src\gamedata\ObjectStateInfo.cpp">
      <Filter>Source Files</Filter>
    </ClCompile>
    <ClCompile Include="src\gamedata\ObjectStates.cpp">
      <Filter>Source Files</Filter>
    </ClCompile>
    <ClCompile Include="src\gamedata\ObjectTypeID.cpp">
      <Filter>Source Files</Filter>
    </ClCompile>
    <ClCompile Include="src\gamedata\PaletteCycle.cpp">
      <Filter>Source Files</Filter>
    </ClCompile>
    <ClCompile Include="src\gamedata\PaletteCycleState.cpp">
      <Filter>Source Files</Filter>
    </ClCompile>
    <ClCompile Include="src\gamedata\PrimaryMaps.cpp">
      <Filter>Source Files</Filter>
    </ClCompile>
    <ClCompile Include="src\gamedata\RawLevelGraphicsHeader.cpp">
      <Filter>Source Files</Filter>
    </ClCompile>
    <ClCompile Include="src\gamedata\RawLevelHeader.cpp">
      <Filter>Source Files</Filter>
    </ClCompile>
    <ClCompile Include="src\gamedata\RawLevelHeaders.cpp">
      <Filter>Source Files</Filter>
    </ClCompile>
    <ClCompile Include="src\gamedata\RawObjectGraphicsHeader.cpp">
      <Filter>Source Files</Filter>
    </ClCompile>
    <ClCompile Include="src\gamedata\RawObjectGraphicSubheader.cpp">
      <Filter>Source Files</Filter>
    </ClCompile>
    <ClCompile Include="src\gamedata\RawSpriteMapping.cpp">
      <Filter>Source Files</Filter>
    </ClCompile>
    <ClCompile Include="src\gamedata\SoundID.cpp">
      <Filter>Source Files</Filter>
    </ClCompile>
    <ClCompile Include="src\gamedata\SpawnPoint.cpp">
      <Filter>Source Files</Filter>
    </ClCompile>
    <ClCompile Include="src\gamedata\SpecialEffect.cpp">
      <Filter>Source Files</Filter>
    </ClCompile>
    <ClCompile Include="src\gamedata\SpriteMapping.cpp">
      <Filter>Source Files</Filter>
    </ClCompile>
    <ClCompile Include="src\gamedata\SpriteMappingCoordinateTable.cpp">
      <Filter>Source Files</Filter>
    </ClCompile>
    <ClCompile Include="src\gamedata\SpriteMappingCoordinateTableEntry.cpp">
      <Filter>Source Files</Filter>
    </ClCompile>
    <ClCompile Include="src\gamedata\SpriteMappingTileIndexTable.cpp">
      <Filter>Source Files</Filter>
    </ClCompile>
    <ClCompile Include="src\gamedata\StandardUncompressedGraphicHeader.cpp">
      <Filter>Source Files</Filter>
    </ClCompile>
    <ClCompile Include="src\gamedata\SubMaps.cpp">
      <Filter>Source Files</Filter>
    </ClCompile>
    <ClCompile Include="src\gamedata\TailsAdvAddresses.cpp">
      <Filter>Source Files</Filter>
    </ClCompile>
    <ClCompile Include="src\gamedata\TailsAdvBank0Hacks.cpp">
      <Filter>Source Files</Filter>
    </ClCompile>
    <ClCompile Include="src\gamedata\TailsAdvData.cpp">
      <Filter>Source Files</Filter>
    </ClCompile>
    <ClCompile Include="src\gamedata\TailsAdvEditable.cpp">
      <Filter>Source Files</Filter>
    </ClCompile>
    <ClCompile Include="src\gamedata\TailsAdvFreeSpace.cpp">
      <Filter>Source Files</Filter>
    </ClCompile>
    <ClCompile Include="src\gamedata\TailsAdvGraphicCompressor.cpp">
      <Filter>Source Files</Filter>
    </ClCompile>
    <ClCompile Include="src\gamedata\TailsAdvRLECompressor.cpp">
      <Filter>Source Files</Filter>
    </ClCompile>
    <ClCompile Include="src\gamedata\TailsAdvROMLoader.cpp">
      <Filter>Source Files</Filter>
    </ClCompile>
    <ClCompile Include="src\gamedata\TwoKeyEditableMappedData.cpp">
      <Filter>Source Files</Filter>
    </ClCompile>
    <ClCompile Include="src\gamedata\TwoKeyIndexedEditableMappedData.cpp">
      <Filter>Source Files</Filter>
    </ClCompile>
    <ClCompile Include="src\gamedata\WarpDestination.cpp">
      <Filter>Source Files</Filter>
    </ClCompile>
    <ClCompile Include="src\gamedata\YTableAddresses.cpp">
      <Filter>Source Files</Filter>
    </ClCompile>
    <ClCompile Include="src\gamegear\GGColor.cpp">
      <Filter>Source Files</Filter>
    </ClCompile>
    <ClCompile Include="src\gamegear\GGFullTileSet.cpp">
      <Filter>Source Files</Filter>
    </ClCompile>
    <ClCompile Include="src\gamegear\GGPalette.cpp">
      <Filter>Source Files</Filter>
    </ClCompile>
    <ClCompile Include="src\gamegear\GGTile.cpp">
      <Filter>Source Files</Filter>
    </ClCompile>
    <ClCompile Include="src\gamegear\GGTileSet.cpp">
      <Filter>Source Files</Filter>
    </ClCompile>
    <ClCompile Include="src\gamegear\LoadedROM.cpp">
      <Filter>Source Files</Filter>
    </ClCompile>
    <ClCompile Include="src\gamegear\TileReference.cpp">
      <Filter>Source Files</Filter>
    </ClCompile>
    <ClCompile Include="src\gamegear\VirtualVDP.cpp">
      <Filter>Source Files</Filter>
    </ClCompile>
    <ClCompile Include="src\gamegear\WritableROM.cpp">
      <Filter>Source Files</Filter>
    </ClCompile>
    <ClCompile Include="src\structs\BitmapGraphicSceneObject.cpp">
      <Filter>Source Files</Filter>
    </ClCompile>
    <ClCompile Include="src\structs\Box.cpp">
      <Filter>Source Files</Filter>
    </ClCompile>
    <ClCompile Include="src\structs\BoxGraphicSceneObject.cpp">
      <Filter>Source Files</Filter>
    </ClCompile>
    <ClCompile Include="src\structs\Color.cpp">
      <Filter>Source Files</Filter>
    </ClCompile>
    <ClCompile Include="src\structs\ConstSizeVector.cpp">
      <Filter>Source Files</Filter>
    </ClCompile>
    <ClCompile Include="src\structs\DataChunkID.cpp">
      <Filter>Source Files</Filter>
    </ClCompile>
    <ClCompile Include="src\structs\FreeSpaceListing.cpp">
      <Filter>Source Files</Filter>
    </ClCompile>
    <ClCompile Include="src\structs\FreeSpaceListPair.cpp">
      <Filter>Source Files</Filter>
    </ClCompile>
    <ClCompile Include="src\structs\GenericGraphicSceneLayer.cpp">
      <Filter>Source Files</Filter>
    </ClCompile>
    <ClCompile Include="src\structs\GenericGraphicSceneObject.cpp">
      <Filter>Source Files</Filter>
    </ClCompile>
    <ClCompile Include="src\structs\Graphic.cpp">
      <Filter>Source Files</Filter>
    </ClCompile>
    <ClCompile Include="src\structs\GraphicDependencyGroup.cpp">
      <Filter>Source Files</Filter>
    </ClCompile>
    <ClCompile Include="src\structs\GraphicDependencyGroupEntry.cpp">
      <Filter>Source Files</Filter>
    </ClCompile>
    <ClCompile Include="src\structs\GraphicIdentifier.cpp">
      <Filter>Source Files</Filter>
    </ClCompile>
    <ClCompile Include="src\structs\GraphicSceneLayer.cpp">
      <Filter>Source Files</Filter>
    </ClCompile>
    <ClCompile Include="src\structs\IndexToAddressMap.cpp">
      <Filter>Source Files</Filter>
    </ClCompile>
    <ClCompile Include="src\structs\InputEventData.cpp">
      <Filter>Source Files</Filter>
    </ClCompile>
    <ClCompile Include="src\structs\KeyedAddressTableBuilder.cpp">
      <Filter>Source Files</Filter>
    </ClCompile>
    <ClCompile Include="src\structs\KeyedTableBuilder.cpp">
      <Filter>Source Files</Filter>
    </ClCompile>
    <ClCompile Include="src\structs\LayeredGraphicScene.cpp">
      <Filter>Source Files</Filter>
    </ClCompile>
    <ClCompile Include="src\structs\LevelWidth.cpp">
      <Filter>Source Files</Filter>
    </ClCompile>
    <ClCompile Include="src\structs\LoadHelper.cpp">
      <Filter>Source Files</Filter>
    </ClCompile>
    <ClCompile Include="src\structs\RawFreeSpacePair.cpp">
      <Filter>Source Files</Filter>
    </ClCompile>
    <ClCompile Include="src\structs\SaveHelper.cpp">
      <Filter>Source Files</Filter>
    </ClCompile>
    <ClCompile Include="src\structs\Taddress.cpp">
      <Filter>Source Files</Filter>
    </ClCompile>
    <ClCompile Include="src\structs\Tbyte.cpp">
      <Filter>Source Files</Filter>
    </ClCompile>
    <ClCompile Include="src\structs\Tmap.cpp">
      <Filter>Source Files</Filter>
    </ClCompile>
    <ClCompile Include="src\structs\Tpair.cpp">
      <Filter>Source Files</Filter>
    </ClCompile>
    <ClCompile Include="src\structs\TransModel.cpp">
      <Filter>Source Files</Filter>
    </ClCompile>
    <ClCompile Include="src\structs\TwoKeyedAddress.cpp">
      <Filter>Source Files</Filter>
    </ClCompile>
    <ClCompile Include="src\structs\TwoKeyedData.cpp">
      <Filter>Source Files</Filter>
    </ClCompile>
    <ClCompile Include="src\structs\WrapScrollGraphic.cpp">
      <Filter>Source Files</Filter>
    </ClCompile>
    <ClCompile Include="src\util\ArrayOps.cpp">
      <Filter>Source Files</Filter>
    </ClCompile>
    <ClCompile Include="src\util\ByteConversion.cpp">
      <Filter>Source Files</Filter>
    </ClCompile>
    <ClCompile Include="src\util\ByteSizes.cpp">
      <Filter>Source Files</Filter>
    </ClCompile>
    <ClCompile Include="src\util\CoordinatePair.cpp">
      <Filter>Source Files</Filter>
    </ClCompile>
    <ClCompile Include="src\util\DumbPointer.cpp">
      <Filter>Source Files</Filter>
    </ClCompile>
    <ClCompile Include="src\util\EndiannessType.cpp">
      <Filter>Source Files</Filter>
    </ClCompile>
    <ClCompile Include="src\util\FileManip.cpp">
      <Filter>Source Files</Filter>
    </ClCompile>
    <ClCompile Include="src\util\GenericException.cpp">
      <Filter>Source Files</Filter>
    </ClCompile>
    <ClCompile Include="src\util\IniFile.cpp">
      <Filter>Source Files</Filter>
    </ClCompile>
    <ClCompile Include="src\util\MiscMath.cpp">
      <Filter>Source Files</Filter>
    </ClCompile>
    <ClCompile Include="src\util\RLE8Command.cpp">
      <Filter>Source Files</Filter>
    </ClCompile>
    <ClCompile Include="src\util\RLE8CommandCollection.cpp">
      <Filter>Source Files</Filter>
    </ClCompile>
    <ClCompile Include="src\util\RLE8CommandType.cpp">
      <Filter>Source Files</Filter>
    </ClCompile>
    <ClCompile Include="src\util\RLE8Compressor.cpp">
      <Filter>Source Files</Filter>
    </ClCompile>
    <ClCompile Include="src\util\RLE8ValueCollection.cpp">
      <Filter>Source Files</Filter>
    </ClCompile>
    <ClCompile Include="src\util\SignednessType.cpp">
      <Filter>Source Files</Filter>
    </ClCompile>
    <ClCompile Include="src\util\StreamOps.cpp">
      <Filter>Source Files</Filter>
    </ClCompile>
    <ClCompile Include="src\util\StringConversion.cpp">
      <Filter>Source Files</Filter>
    </ClCompile>
    <ClCompile Include="src\exception\TGenericException.cpp">
      <Filter>Source Files</Filter>
    </ClCompile>
  </ItemGroup>
</Project>